// !$*UTF8*$!
{
	archiveVersion = 1;
	classes = {
	};
	objectVersion = 56;
	objects = {

/* Begin PBXBuildFile section */
		861AE17D29F7D95F008698BA /* PopularButton.swift in Sources */ = {isa = PBXBuildFile; fileRef = 861AE17C29F7D95F008698BA /* PopularButton.swift */; };
		861AE17F29F7EED8008698BA /* CategoryCollectionCell.swift in Sources */ = {isa = PBXBuildFile; fileRef = 861AE17E29F7EED8008698BA /* CategoryCollectionCell.swift */; };
		861AE18229F7F25E008698BA /* String.swift in Sources */ = {isa = PBXBuildFile; fileRef = 861AE18129F7F25E008698BA /* String.swift */; };
		861AE18429F7F4E5008698BA /* HomeVC+CollectionView.swift in Sources */ = {isa = PBXBuildFile; fileRef = 861AE18329F7F4E5008698BA /* HomeVC+CollectionView.swift */; };
		861AE18629F7F665008698BA /* Category.swift in Sources */ = {isa = PBXBuildFile; fileRef = 861AE18529F7F665008698BA /* Category.swift */; };
		861AE18929F81589008698BA /* ItemTableViewCell.swift in Sources */ = {isa = PBXBuildFile; fileRef = 861AE18829F81589008698BA /* ItemTableViewCell.swift */; };
		861AE18B29F819AA008698BA /* Item.swift in Sources */ = {isa = PBXBuildFile; fileRef = 861AE18A29F819AA008698BA /* Item.swift */; };
		861AE18D29F82490008698BA /* HomeVC+TableView.swift in Sources */ = {isa = PBXBuildFile; fileRef = 861AE18C29F82490008698BA /* HomeVC+TableView.swift */; };
		8636C1D229F686DD00222B5C /* AuthTextField.swift in Sources */ = {isa = PBXBuildFile; fileRef = 8636C1D129F686DD00222B5C /* AuthTextField.swift */; };
		8636C1D629F6B3E300222B5C /* SignInViewCowntroller+UITextFieldDelegate.swift in Sources */ = {isa = PBXBuildFile; fileRef = 8636C1D529F6B3E300222B5C /* SignInViewCowntroller+UITextFieldDelegate.swift */; };
		8636C1DC29F6C05900222B5C /* HomeViewController.swift in Sources */ = {isa = PBXBuildFile; fileRef = 8636C1DB29F6C05900222B5C /* HomeViewController.swift */; };
		8636C1DE29F6C08100222B5C /* HomePresenter.swift in Sources */ = {isa = PBXBuildFile; fileRef = 8636C1DD29F6C08100222B5C /* HomePresenter.swift */; };
		8636C1E229F6D35E00222B5C /* TabBarViewController.swift in Sources */ = {isa = PBXBuildFile; fileRef = 8636C1E129F6D35E00222B5C /* TabBarViewController.swift */; };
		8636C1E429F6D38B00222B5C /* TabBarPresenter.swift in Sources */ = {isa = PBXBuildFile; fileRef = 8636C1E329F6D38B00222B5C /* TabBarPresenter.swift */; };
		8636C1E729F6DBBC00222B5C /* ShopsViewController.swift in Sources */ = {isa = PBXBuildFile; fileRef = 8636C1E629F6DBBC00222B5C /* ShopsViewController.swift */; };
		8636C1EA29F6DC0400222B5C /* ShopsPresenter.swift in Sources */ = {isa = PBXBuildFile; fileRef = 8636C1E929F6DC0400222B5C /* ShopsPresenter.swift */; };
		8636C1ED29F6DDA600222B5C /* CartViewController.swift in Sources */ = {isa = PBXBuildFile; fileRef = 8636C1EC29F6DDA600222B5C /* CartViewController.swift */; };
		8636C1F029F6DDF600222B5C /* CartPresenter.swift in Sources */ = {isa = PBXBuildFile; fileRef = 8636C1EF29F6DDF600222B5C /* CartPresenter.swift */; };
		8636C1F329F6DE9D00222B5C /* ProfileViewController.swift in Sources */ = {isa = PBXBuildFile; fileRef = 8636C1F229F6DE9D00222B5C /* ProfileViewController.swift */; };
		8636C1F529F6DEEC00222B5C /* ProfilePresenter.swift in Sources */ = {isa = PBXBuildFile; fileRef = 8636C1F429F6DEEC00222B5C /* ProfilePresenter.swift */; };
		86870DA529F2E41A00B172E4 /* AppDelegate.swift in Sources */ = {isa = PBXBuildFile; fileRef = 86870DA429F2E41A00B172E4 /* AppDelegate.swift */; };
		86870DA729F2E41A00B172E4 /* SceneDelegate.swift in Sources */ = {isa = PBXBuildFile; fileRef = 86870DA629F2E41A00B172E4 /* SceneDelegate.swift */; };
		86870DAE29F2E41B00B172E4 /* Assets.xcassets in Resources */ = {isa = PBXBuildFile; fileRef = 86870DAD29F2E41B00B172E4 /* Assets.xcassets */; };
		86870DB129F2E41B00B172E4 /* LaunchScreen.storyboard in Resources */ = {isa = PBXBuildFile; fileRef = 86870DAF29F2E41B00B172E4 /* LaunchScreen.storyboard */; };
		86870DB929F2E7BA00B172E4 /* WelcomeViewController.swift in Sources */ = {isa = PBXBuildFile; fileRef = 86870DB829F2E7BA00B172E4 /* WelcomeViewController.swift */; };
		86870DBE29F2E89A00B172E4 /* ModuleBuilder.swift in Sources */ = {isa = PBXBuildFile; fileRef = 86870DBD29F2E89A00B172E4 /* ModuleBuilder.swift */; };
		86870DC029F2E8D800B172E4 /* Router.swift in Sources */ = {isa = PBXBuildFile; fileRef = 86870DBF29F2E8D800B172E4 /* Router.swift */; };
		86870DC329F2E9D100B172E4 /* SnapKit in Frameworks */ = {isa = PBXBuildFile; productRef = 86870DC229F2E9D100B172E4 /* SnapKit */; };
		86BCE3C929F579CB00927C2D /* AppConstants.swift in Sources */ = {isa = PBXBuildFile; fileRef = 86BCE3C829F579CB00927C2D /* AppConstants.swift */; };
		86BCE3CB29F57FF600927C2D /* WelcomePresenter.swift in Sources */ = {isa = PBXBuildFile; fileRef = 86BCE3CA29F57FF600927C2D /* WelcomePresenter.swift */; };
		86DC002229F59A55007E1393 /* SignInViewController.swift in Sources */ = {isa = PBXBuildFile; fileRef = 86DC002129F59A55007E1393 /* SignInViewController.swift */; };
		86DC002429F59E74007E1393 /* SignInPresenter.swift in Sources */ = {isa = PBXBuildFile; fileRef = 86DC002329F59E74007E1393 /* SignInPresenter.swift */; };
/* End PBXBuildFile section */

/* Begin PBXFileReference section */
		861AE17C29F7D95F008698BA /* PopularButton.swift */ = {isa = PBXFileReference; lastKnownFileType = sourcecode.swift; path = PopularButton.swift; sourceTree = "<group>"; };
		861AE17E29F7EED8008698BA /* CategoryCollectionCell.swift */ = {isa = PBXFileReference; lastKnownFileType = sourcecode.swift; path = CategoryCollectionCell.swift; sourceTree = "<group>"; };
		861AE18129F7F25E008698BA /* String.swift */ = {isa = PBXFileReference; lastKnownFileType = sourcecode.swift; path = String.swift; sourceTree = "<group>"; };
		861AE18329F7F4E5008698BA /* HomeVC+CollectionView.swift */ = {isa = PBXFileReference; lastKnownFileType = sourcecode.swift; path = "HomeVC+CollectionView.swift"; sourceTree = "<group>"; };
		861AE18529F7F665008698BA /* Category.swift */ = {isa = PBXFileReference; lastKnownFileType = sourcecode.swift; path = Category.swift; sourceTree = "<group>"; };
		861AE18829F81589008698BA /* ItemTableViewCell.swift */ = {isa = PBXFileReference; lastKnownFileType = sourcecode.swift; path = ItemTableViewCell.swift; sourceTree = "<group>"; };
		861AE18A29F819AA008698BA /* Item.swift */ = {isa = PBXFileReference; lastKnownFileType = sourcecode.swift; path = Item.swift; sourceTree = "<group>"; };
		861AE18C29F82490008698BA /* HomeVC+TableView.swift */ = {isa = PBXFileReference; lastKnownFileType = sourcecode.swift; path = "HomeVC+TableView.swift"; sourceTree = "<group>"; };
		8636C1D129F686DD00222B5C /* AuthTextField.swift */ = {isa = PBXFileReference; lastKnownFileType = sourcecode.swift; path = AuthTextField.swift; sourceTree = "<group>"; };
		8636C1D529F6B3E300222B5C /* SignInViewCowntroller+UITextFieldDelegate.swift */ = {isa = PBXFileReference; lastKnownFileType = sourcecode.swift; path = "SignInViewCowntroller+UITextFieldDelegate.swift"; sourceTree = "<group>"; };
		8636C1DB29F6C05900222B5C /* HomeViewController.swift */ = {isa = PBXFileReference; lastKnownFileType = sourcecode.swift; path = HomeViewController.swift; sourceTree = "<group>"; };
		8636C1DD29F6C08100222B5C /* HomePresenter.swift */ = {isa = PBXFileReference; lastKnownFileType = sourcecode.swift; path = HomePresenter.swift; sourceTree = "<group>"; };
		8636C1E129F6D35E00222B5C /* TabBarViewController.swift */ = {isa = PBXFileReference; lastKnownFileType = sourcecode.swift; path = TabBarViewController.swift; sourceTree = "<group>"; };
		8636C1E329F6D38B00222B5C /* TabBarPresenter.swift */ = {isa = PBXFileReference; lastKnownFileType = sourcecode.swift; path = TabBarPresenter.swift; sourceTree = "<group>"; };
		8636C1E629F6DBBC00222B5C /* ShopsViewController.swift */ = {isa = PBXFileReference; lastKnownFileType = sourcecode.swift; path = ShopsViewController.swift; sourceTree = "<group>"; };
		8636C1E929F6DC0400222B5C /* ShopsPresenter.swift */ = {isa = PBXFileReference; lastKnownFileType = sourcecode.swift; path = ShopsPresenter.swift; sourceTree = "<group>"; };
		8636C1EC29F6DDA600222B5C /* CartViewController.swift */ = {isa = PBXFileReference; lastKnownFileType = sourcecode.swift; path = CartViewController.swift; sourceTree = "<group>"; };
		8636C1EF29F6DDF600222B5C /* CartPresenter.swift */ = {isa = PBXFileReference; lastKnownFileType = sourcecode.swift; path = CartPresenter.swift; sourceTree = "<group>"; };
		8636C1F229F6DE9D00222B5C /* ProfileViewController.swift */ = {isa = PBXFileReference; lastKnownFileType = sourcecode.swift; path = ProfileViewController.swift; sourceTree = "<group>"; };
		8636C1F429F6DEEC00222B5C /* ProfilePresenter.swift */ = {isa = PBXFileReference; lastKnownFileType = sourcecode.swift; path = ProfilePresenter.swift; sourceTree = "<group>"; };
		86870DA129F2E41A00B172E4 /* SugarHighs.app */ = {isa = PBXFileReference; explicitFileType = wrapper.application; includeInIndex = 0; path = SugarHighs.app; sourceTree = BUILT_PRODUCTS_DIR; };
		86870DA429F2E41A00B172E4 /* AppDelegate.swift */ = {isa = PBXFileReference; lastKnownFileType = sourcecode.swift; path = AppDelegate.swift; sourceTree = "<group>"; };
		86870DA629F2E41A00B172E4 /* SceneDelegate.swift */ = {isa = PBXFileReference; lastKnownFileType = sourcecode.swift; path = SceneDelegate.swift; sourceTree = "<group>"; };
		86870DAD29F2E41B00B172E4 /* Assets.xcassets */ = {isa = PBXFileReference; lastKnownFileType = folder.assetcatalog; path = Assets.xcassets; sourceTree = "<group>"; };
		86870DB029F2E41B00B172E4 /* Base */ = {isa = PBXFileReference; lastKnownFileType = file.storyboard; name = Base; path = Base.lproj/LaunchScreen.storyboard; sourceTree = "<group>"; };
		86870DB229F2E41B00B172E4 /* Info.plist */ = {isa = PBXFileReference; lastKnownFileType = text.plist.xml; path = Info.plist; sourceTree = "<group>"; };
		86870DB829F2E7BA00B172E4 /* WelcomeViewController.swift */ = {isa = PBXFileReference; lastKnownFileType = sourcecode.swift; path = WelcomeViewController.swift; sourceTree = "<group>"; };
		86870DBD29F2E89A00B172E4 /* ModuleBuilder.swift */ = {isa = PBXFileReference; lastKnownFileType = sourcecode.swift; path = ModuleBuilder.swift; sourceTree = "<group>"; };
		86870DBF29F2E8D800B172E4 /* Router.swift */ = {isa = PBXFileReference; lastKnownFileType = sourcecode.swift; path = Router.swift; sourceTree = "<group>"; };
		86BCE3C829F579CB00927C2D /* AppConstants.swift */ = {isa = PBXFileReference; lastKnownFileType = sourcecode.swift; path = AppConstants.swift; sourceTree = "<group>"; };
		86BCE3CA29F57FF600927C2D /* WelcomePresenter.swift */ = {isa = PBXFileReference; lastKnownFileType = sourcecode.swift; path = WelcomePresenter.swift; sourceTree = "<group>"; };
		86DC002129F59A55007E1393 /* SignInViewController.swift */ = {isa = PBXFileReference; lastKnownFileType = sourcecode.swift; path = SignInViewController.swift; sourceTree = "<group>"; };
		86DC002329F59E74007E1393 /* SignInPresenter.swift */ = {isa = PBXFileReference; lastKnownFileType = sourcecode.swift; path = SignInPresenter.swift; sourceTree = "<group>"; };
/* End PBXFileReference section */

/* Begin PBXFrameworksBuildPhase section */
		86870D9E29F2E41A00B172E4 /* Frameworks */ = {
			isa = PBXFrameworksBuildPhase;
			buildActionMask = 2147483647;
			files = (
				86870DC329F2E9D100B172E4 /* SnapKit in Frameworks */,
			);
			runOnlyForDeploymentPostprocessing = 0;
		};
/* End PBXFrameworksBuildPhase section */

/* Begin PBXGroup section */
		861AE18029F7F24F008698BA /* Extensions */ = {
			isa = PBXGroup;
			children = (
				861AE18129F7F25E008698BA /* String.swift */,
			);
			path = Extensions;
			sourceTree = "<group>";
		};
		861AE18729F7F669008698BA /* Models */ = {
			isa = PBXGroup;
			children = (
				861AE18529F7F665008698BA /* Category.swift */,
				861AE18A29F819AA008698BA /* Item.swift */,
			);
			path = Models;
			sourceTree = "<group>";
		};
		8636C1D729F6BDBF00222B5C /* Presenter */ = {
			isa = PBXGroup;
			children = (
				86DC002329F59E74007E1393 /* SignInPresenter.swift */,
			);
			path = Presenter;
			sourceTree = "<group>";
		};
		8636C1D829F6BDDC00222B5C /* Presenter */ = {
			isa = PBXGroup;
			children = (
				86BCE3CA29F57FF600927C2D /* WelcomePresenter.swift */,
			);
			path = Presenter;
			sourceTree = "<group>";
		};
		8636C1DA29F6C02A00222B5C /* HomeModule */ = {
			isa = PBXGroup;
			children = (
				861AE18729F7F669008698BA /* Models */,
				8636C1DF29F6C0F200222B5C /* Presenter */,
				8636C1DB29F6C05900222B5C /* HomeViewController.swift */,
				861AE17C29F7D95F008698BA /* PopularButton.swift */,
				861AE17E29F7EED8008698BA /* CategoryCollectionCell.swift */,
				861AE18329F7F4E5008698BA /* HomeVC+CollectionView.swift */,
				861AE18829F81589008698BA /* ItemTableViewCell.swift */,
				861AE18C29F82490008698BA /* HomeVC+TableView.swift */,
			);
			path = HomeModule;
			sourceTree = "<group>";
		};
		8636C1DF29F6C0F200222B5C /* Presenter */ = {
			isa = PBXGroup;
			children = (
				8636C1DD29F6C08100222B5C /* HomePresenter.swift */,
			);
			path = Presenter;
			sourceTree = "<group>";
		};
		8636C1E029F6D30800222B5C /* TabBarModule */ = {
			isa = PBXGroup;
			children = (
				8636C1F729F6E12900222B5C /* Presenter */,
				8636C1E129F6D35E00222B5C /* TabBarViewController.swift */,
			);
			path = TabBarModule;
			sourceTree = "<group>";
		};
		8636C1E529F6DB8D00222B5C /* ShopsModule */ = {
			isa = PBXGroup;
			children = (
				8636C1E829F6DBDF00222B5C /* Presenter */,
				8636C1E629F6DBBC00222B5C /* ShopsViewController.swift */,
			);
			path = ShopsModule;
			sourceTree = "<group>";
		};
		8636C1E829F6DBDF00222B5C /* Presenter */ = {
			isa = PBXGroup;
			children = (
				8636C1E929F6DC0400222B5C /* ShopsPresenter.swift */,
			);
			path = Presenter;
			sourceTree = "<group>";
		};
		8636C1EB29F6DD6800222B5C /* CartModule */ = {
			isa = PBXGroup;
			children = (
				8636C1EE29F6DDDB00222B5C /* Presenter */,
				8636C1EC29F6DDA600222B5C /* CartViewController.swift */,
			);
			path = CartModule;
			sourceTree = "<group>";
		};
		8636C1EE29F6DDDB00222B5C /* Presenter */ = {
			isa = PBXGroup;
			children = (
				8636C1EF29F6DDF600222B5C /* CartPresenter.swift */,
			);
			path = Presenter;
			sourceTree = "<group>";
		};
		8636C1F129F6DE7C00222B5C /* ProfileModule */ = {
			isa = PBXGroup;
			children = (
				8636C1F629F6DEF000222B5C /* Presenter */,
				8636C1F229F6DE9D00222B5C /* ProfileViewController.swift */,
			);
			path = ProfileModule;
			sourceTree = "<group>";
		};
		8636C1F629F6DEF000222B5C /* Presenter */ = {
			isa = PBXGroup;
			children = (
				8636C1F429F6DEEC00222B5C /* ProfilePresenter.swift */,
			);
			path = Presenter;
			sourceTree = "<group>";
		};
		8636C1F729F6E12900222B5C /* Presenter */ = {
			isa = PBXGroup;
			children = (
				8636C1E329F6D38B00222B5C /* TabBarPresenter.swift */,
			);
			path = Presenter;
			sourceTree = "<group>";
		};
		86870D9829F2E41A00B172E4 = {
			isa = PBXGroup;
			children = (
				86870DA329F2E41A00B172E4 /* SugarHighs */,
				86870DA229F2E41A00B172E4 /* Products */,
			);
			sourceTree = "<group>";
		};
		86870DA229F2E41A00B172E4 /* Products */ = {
			isa = PBXGroup;
			children = (
				86870DA129F2E41A00B172E4 /* SugarHighs.app */,
			);
			name = Products;
			sourceTree = "<group>";
		};
		86870DA329F2E41A00B172E4 /* SugarHighs */ = {
			isa = PBXGroup;
			children = (
				861AE18029F7F24F008698BA /* Extensions */,
				86870DBB29F2E84F00B172E4 /* App */,
				86870DBA29F2E7C000B172E4 /* WelcomeModule */,
				86DC002029F59A28007E1393 /* SignInModule */,
				8636C1E029F6D30800222B5C /* TabBarModule */,
				8636C1DA29F6C02A00222B5C /* HomeModule */,
				8636C1E529F6DB8D00222B5C /* ShopsModule */,
				8636C1EB29F6DD6800222B5C /* CartModule */,
				8636C1F129F6DE7C00222B5C /* ProfileModule */,
				86870DBC29F2E85F00B172E4 /* SupportingFiles */,
				86870DB229F2E41B00B172E4 /* Info.plist */,
			);
			path = SugarHighs;
			sourceTree = "<group>";
		};
		86870DBA29F2E7C000B172E4 /* WelcomeModule */ = {
			isa = PBXGroup;
			children = (
				8636C1D829F6BDDC00222B5C /* Presenter */,
				86870DB829F2E7BA00B172E4 /* WelcomeViewController.swift */,
			);
			path = WelcomeModule;
			sourceTree = "<group>";
		};
		86870DBB29F2E84F00B172E4 /* App */ = {
			isa = PBXGroup;
			children = (
				86870DA429F2E41A00B172E4 /* AppDelegate.swift */,
				86870DA629F2E41A00B172E4 /* SceneDelegate.swift */,
				86870DBD29F2E89A00B172E4 /* ModuleBuilder.swift */,
				86870DBF29F2E8D800B172E4 /* Router.swift */,
				86BCE3C829F579CB00927C2D /* AppConstants.swift */,
			);
			path = App;
			sourceTree = "<group>";
		};
		86870DBC29F2E85F00B172E4 /* SupportingFiles */ = {
			isa = PBXGroup;
			children = (
				86870DAD29F2E41B00B172E4 /* Assets.xcassets */,
				86870DAF29F2E41B00B172E4 /* LaunchScreen.storyboard */,
			);
			path = SupportingFiles;
			sourceTree = "<group>";
		};
		86DC002029F59A28007E1393 /* SignInModule */ = {
			isa = PBXGroup;
			children = (
				8636C1D729F6BDBF00222B5C /* Presenter */,
				86DC002129F59A55007E1393 /* SignInViewController.swift */,
				8636C1D129F686DD00222B5C /* AuthTextField.swift */,
				8636C1D529F6B3E300222B5C /* SignInViewCowntroller+UITextFieldDelegate.swift */,
			);
			path = SignInModule;
			sourceTree = "<group>";
		};
/* End PBXGroup section */

/* Begin PBXNativeTarget section */
		86870DA029F2E41A00B172E4 /* SugarHighs */ = {
			isa = PBXNativeTarget;
			buildConfigurationList = 86870DB529F2E41B00B172E4 /* Build configuration list for PBXNativeTarget "SugarHighs" */;
			buildPhases = (
				86870D9D29F2E41A00B172E4 /* Sources */,
				86870D9E29F2E41A00B172E4 /* Frameworks */,
				86870D9F29F2E41A00B172E4 /* Resources */,
			);
			buildRules = (
			);
			dependencies = (
			);
			name = SugarHighs;
			packageProductDependencies = (
				86870DC229F2E9D100B172E4 /* SnapKit */,
			);
			productName = SugarHighs;
			productReference = 86870DA129F2E41A00B172E4 /* SugarHighs.app */;
			productType = "com.apple.product-type.application";
		};
/* End PBXNativeTarget section */

/* Begin PBXProject section */
		86870D9929F2E41A00B172E4 /* Project object */ = {
			isa = PBXProject;
			attributes = {
				BuildIndependentTargetsInParallel = 1;
				LastSwiftUpdateCheck = 1420;
				LastUpgradeCheck = 1420;
				TargetAttributes = {
					86870DA029F2E41A00B172E4 = {
						CreatedOnToolsVersion = 14.2;
					};
				};
			};
			buildConfigurationList = 86870D9C29F2E41A00B172E4 /* Build configuration list for PBXProject "SugarHighs" */;
			compatibilityVersion = "Xcode 14.0";
			developmentRegion = en;
			hasScannedForEncodings = 0;
			knownRegions = (
				en,
				Base,
			);
			mainGroup = 86870D9829F2E41A00B172E4;
			packageReferences = (
				86870DC129F2E9D100B172E4 /* XCRemoteSwiftPackageReference "SnapKit" */,
			);
			productRefGroup = 86870DA229F2E41A00B172E4 /* Products */;
			projectDirPath = "";
			projectRoot = "";
			targets = (
				86870DA029F2E41A00B172E4 /* SugarHighs */,
			);
		};
/* End PBXProject section */

/* Begin PBXResourcesBuildPhase section */
		86870D9F29F2E41A00B172E4 /* Resources */ = {
			isa = PBXResourcesBuildPhase;
			buildActionMask = 2147483647;
			files = (
				86870DB129F2E41B00B172E4 /* LaunchScreen.storyboard in Resources */,
				86870DAE29F2E41B00B172E4 /* Assets.xcassets in Resources */,
			);
			runOnlyForDeploymentPostprocessing = 0;
		};
/* End PBXResourcesBuildPhase section */

/* Begin PBXSourcesBuildPhase section */
		86870D9D29F2E41A00B172E4 /* Sources */ = {
			isa = PBXSourcesBuildPhase;
			buildActionMask = 2147483647;
			files = (
				8636C1E729F6DBBC00222B5C /* ShopsViewController.swift in Sources */,
				861AE18929F81589008698BA /* ItemTableViewCell.swift in Sources */,
				86870DB929F2E7BA00B172E4 /* WelcomeViewController.swift in Sources */,
				8636C1F329F6DE9D00222B5C /* ProfileViewController.swift in Sources */,
				861AE18B29F819AA008698BA /* Item.swift in Sources */,
				8636C1D229F686DD00222B5C /* AuthTextField.swift in Sources */,
				86BCE3C929F579CB00927C2D /* AppConstants.swift in Sources */,
				86BCE3CB29F57FF600927C2D /* WelcomePresenter.swift in Sources */,
				861AE18229F7F25E008698BA /* String.swift in Sources */,
				8636C1E229F6D35E00222B5C /* TabBarViewController.swift in Sources */,
				8636C1E429F6D38B00222B5C /* TabBarPresenter.swift in Sources */,
				861AE18629F7F665008698BA /* Category.swift in Sources */,
				86DC002429F59E74007E1393 /* SignInPresenter.swift in Sources */,
				8636C1EA29F6DC0400222B5C /* ShopsPresenter.swift in Sources */,
				86870DA529F2E41A00B172E4 /* AppDelegate.swift in Sources */,
				86DC002229F59A55007E1393 /* SignInViewController.swift in Sources */,
				861AE18429F7F4E5008698BA /* HomeVC+CollectionView.swift in Sources */,
				8636C1D629F6B3E300222B5C /* SignInViewCowntroller+UITextFieldDelegate.swift in Sources */,
				861AE17D29F7D95F008698BA /* PopularButton.swift in Sources */,
				86870DC029F2E8D800B172E4 /* Router.swift in Sources */,
				8636C1DE29F6C08100222B5C /* HomePresenter.swift in Sources */,
				86870DA729F2E41A00B172E4 /* SceneDelegate.swift in Sources */,
				86870DBE29F2E89A00B172E4 /* ModuleBuilder.swift in Sources */,
				8636C1F529F6DEEC00222B5C /* ProfilePresenter.swift in Sources */,
				8636C1ED29F6DDA600222B5C /* CartViewController.swift in Sources */,
				8636C1F029F6DDF600222B5C /* CartPresenter.swift in Sources */,
				861AE17F29F7EED8008698BA /* CategoryCollectionCell.swift in Sources */,
				8636C1DC29F6C05900222B5C /* HomeViewController.swift in Sources */,
				861AE18D29F82490008698BA /* HomeVC+TableView.swift in Sources */,
			);
			runOnlyForDeploymentPostprocessing = 0;
		};
/* End PBXSourcesBuildPhase section */

/* Begin PBXVariantGroup section */
		86870DAF29F2E41B00B172E4 /* LaunchScreen.storyboard */ = {
			isa = PBXVariantGroup;
			children = (
				86870DB029F2E41B00B172E4 /* Base */,
			);
			name = LaunchScreen.storyboard;
			sourceTree = "<group>";
		};
/* End PBXVariantGroup section */

/* Begin XCBuildConfiguration section */
		86870DB329F2E41B00B172E4 /* Debug */ = {
			isa = XCBuildConfiguration;
			buildSettings = {
				ALWAYS_SEARCH_USER_PATHS = NO;
				CLANG_ANALYZER_NONNULL = YES;
				CLANG_ANALYZER_NUMBER_OBJECT_CONVERSION = YES_AGGRESSIVE;
				CLANG_CXX_LANGUAGE_STANDARD = "gnu++20";
				CLANG_ENABLE_MODULES = YES;
				CLANG_ENABLE_OBJC_ARC = YES;
				CLANG_ENABLE_OBJC_WEAK = YES;
				CLANG_WARN_BLOCK_CAPTURE_AUTORELEASING = YES;
				CLANG_WARN_BOOL_CONVERSION = YES;
				CLANG_WARN_COMMA = YES;
				CLANG_WARN_CONSTANT_CONVERSION = YES;
				CLANG_WARN_DEPRECATED_OBJC_IMPLEMENTATIONS = YES;
				CLANG_WARN_DIRECT_OBJC_ISA_USAGE = YES_ERROR;
				CLANG_WARN_DOCUMENTATION_COMMENTS = YES;
				CLANG_WARN_EMPTY_BODY = YES;
				CLANG_WARN_ENUM_CONVERSION = YES;
				CLANG_WARN_INFINITE_RECURSION = YES;
				CLANG_WARN_INT_CONVERSION = YES;
				CLANG_WARN_NON_LITERAL_NULL_CONVERSION = YES;
				CLANG_WARN_OBJC_IMPLICIT_RETAIN_SELF = YES;
				CLANG_WARN_OBJC_LITERAL_CONVERSION = YES;
				CLANG_WARN_OBJC_ROOT_CLASS = YES_ERROR;
				CLANG_WARN_QUOTED_INCLUDE_IN_FRAMEWORK_HEADER = YES;
				CLANG_WARN_RANGE_LOOP_ANALYSIS = YES;
				CLANG_WARN_STRICT_PROTOTYPES = YES;
				CLANG_WARN_SUSPICIOUS_MOVE = YES;
				CLANG_WARN_UNGUARDED_AVAILABILITY = YES_AGGRESSIVE;
				CLANG_WARN_UNREACHABLE_CODE = YES;
				CLANG_WARN__DUPLICATE_METHOD_MATCH = YES;
				COPY_PHASE_STRIP = NO;
				DEBUG_INFORMATION_FORMAT = dwarf;
				ENABLE_STRICT_OBJC_MSGSEND = YES;
				ENABLE_TESTABILITY = YES;
				GCC_C_LANGUAGE_STANDARD = gnu11;
				GCC_DYNAMIC_NO_PIC = NO;
				GCC_NO_COMMON_BLOCKS = YES;
				GCC_OPTIMIZATION_LEVEL = 0;
				GCC_PREPROCESSOR_DEFINITIONS = (
					"DEBUG=1",
					"$(inherited)",
				);
				GCC_WARN_64_TO_32_BIT_CONVERSION = YES;
				GCC_WARN_ABOUT_RETURN_TYPE = YES_ERROR;
				GCC_WARN_UNDECLARED_SELECTOR = YES;
				GCC_WARN_UNINITIALIZED_AUTOS = YES_AGGRESSIVE;
				GCC_WARN_UNUSED_FUNCTION = YES;
				GCC_WARN_UNUSED_VARIABLE = YES;
				IPHONEOS_DEPLOYMENT_TARGET = 16.2;
				MTL_ENABLE_DEBUG_INFO = INCLUDE_SOURCE;
				MTL_FAST_MATH = YES;
				ONLY_ACTIVE_ARCH = YES;
				SDKROOT = iphoneos;
				SWIFT_ACTIVE_COMPILATION_CONDITIONS = DEBUG;
				SWIFT_OPTIMIZATION_LEVEL = "-Onone";
			};
			name = Debug;
		};
		86870DB429F2E41B00B172E4 /* Release */ = {
			isa = XCBuildConfiguration;
			buildSettings = {
				ALWAYS_SEARCH_USER_PATHS = NO;
				CLANG_ANALYZER_NONNULL = YES;
				CLANG_ANALYZER_NUMBER_OBJECT_CONVERSION = YES_AGGRESSIVE;
				CLANG_CXX_LANGUAGE_STANDARD = "gnu++20";
				CLANG_ENABLE_MODULES = YES;
				CLANG_ENABLE_OBJC_ARC = YES;
				CLANG_ENABLE_OBJC_WEAK = YES;
				CLANG_WARN_BLOCK_CAPTURE_AUTORELEASING = YES;
				CLANG_WARN_BOOL_CONVERSION = YES;
				CLANG_WARN_COMMA = YES;
				CLANG_WARN_CONSTANT_CONVERSION = YES;
				CLANG_WARN_DEPRECATED_OBJC_IMPLEMENTATIONS = YES;
				CLANG_WARN_DIRECT_OBJC_ISA_USAGE = YES_ERROR;
				CLANG_WARN_DOCUMENTATION_COMMENTS = YES;
				CLANG_WARN_EMPTY_BODY = YES;
				CLANG_WARN_ENUM_CONVERSION = YES;
				CLANG_WARN_INFINITE_RECURSION = YES;
				CLANG_WARN_INT_CONVERSION = YES;
				CLANG_WARN_NON_LITERAL_NULL_CONVERSION = YES;
				CLANG_WARN_OBJC_IMPLICIT_RETAIN_SELF = YES;
				CLANG_WARN_OBJC_LITERAL_CONVERSION = YES;
				CLANG_WARN_OBJC_ROOT_CLASS = YES_ERROR;
				CLANG_WARN_QUOTED_INCLUDE_IN_FRAMEWORK_HEADER = YES;
				CLANG_WARN_RANGE_LOOP_ANALYSIS = YES;
				CLANG_WARN_STRICT_PROTOTYPES = YES;
				CLANG_WARN_SUSPICIOUS_MOVE = YES;
				CLANG_WARN_UNGUARDED_AVAILABILITY = YES_AGGRESSIVE;
				CLANG_WARN_UNREACHABLE_CODE = YES;
				CLANG_WARN__DUPLICATE_METHOD_MATCH = YES;
				COPY_PHASE_STRIP = NO;
				DEBUG_INFORMATION_FORMAT = "dwarf-with-dsym";
				ENABLE_NS_ASSERTIONS = NO;
				ENABLE_STRICT_OBJC_MSGSEND = YES;
				GCC_C_LANGUAGE_STANDARD = gnu11;
				GCC_NO_COMMON_BLOCKS = YES;
				GCC_WARN_64_TO_32_BIT_CONVERSION = YES;
				GCC_WARN_ABOUT_RETURN_TYPE = YES_ERROR;
				GCC_WARN_UNDECLARED_SELECTOR = YES;
				GCC_WARN_UNINITIALIZED_AUTOS = YES_AGGRESSIVE;
				GCC_WARN_UNUSED_FUNCTION = YES;
				GCC_WARN_UNUSED_VARIABLE = YES;
				IPHONEOS_DEPLOYMENT_TARGET = 16.2;
				MTL_ENABLE_DEBUG_INFO = NO;
				MTL_FAST_MATH = YES;
				SDKROOT = iphoneos;
				SWIFT_COMPILATION_MODE = wholemodule;
				SWIFT_OPTIMIZATION_LEVEL = "-O";
				VALIDATE_PRODUCT = YES;
			};
			name = Release;
		};
		86870DB629F2E41B00B172E4 /* Debug */ = {
			isa = XCBuildConfiguration;
			buildSettings = {
				ASSETCATALOG_COMPILER_APPICON_NAME = AppIcon;
				ASSETCATALOG_COMPILER_GLOBAL_ACCENT_COLOR_NAME = AccentColor;
				CODE_SIGN_STYLE = Automatic;
				CURRENT_PROJECT_VERSION = 1;
				DEVELOPMENT_TEAM = 922R4697G4;
				GENERATE_INFOPLIST_FILE = YES;
				INFOPLIST_FILE = SugarHighs/Info.plist;
				INFOPLIST_KEY_UIApplicationSupportsIndirectInputEvents = YES;
				INFOPLIST_KEY_UILaunchStoryboardName = LaunchScreen;
				INFOPLIST_KEY_UISupportedInterfaceOrientations_iPad = "UIInterfaceOrientationPortrait UIInterfaceOrientationPortraitUpsideDown UIInterfaceOrientationLandscapeLeft UIInterfaceOrientationLandscapeRight";
				INFOPLIST_KEY_UISupportedInterfaceOrientations_iPhone = "UIInterfaceOrientationPortrait UIInterfaceOrientationLandscapeLeft UIInterfaceOrientationLandscapeRight";
				LD_RUNPATH_SEARCH_PATHS = (
					"$(inherited)",
					"@executable_path/Frameworks",
				);
				MARKETING_VERSION = 1.0;
				PRODUCT_BUNDLE_IDENTIFIER = uk.co.markgolubev.SugarHighs;
				PRODUCT_NAME = "$(TARGET_NAME)";
				SWIFT_EMIT_LOC_STRINGS = YES;
				SWIFT_VERSION = 5.0;
				TARGETED_DEVICE_FAMILY = "1,2";
			};
			name = Debug;
		};
		86870DB729F2E41B00B172E4 /* Release */ = {
			isa = XCBuildConfiguration;
			buildSettings = {
				ASSETCATALOG_COMPILER_APPICON_NAME = AppIcon;
				ASSETCATALOG_COMPILER_GLOBAL_ACCENT_COLOR_NAME = AccentColor;
				CODE_SIGN_STYLE = Automatic;
				CURRENT_PROJECT_VERSION = 1;
				DEVELOPMENT_TEAM = 922R4697G4;
				GENERATE_INFOPLIST_FILE = YES;
				INFOPLIST_FILE = SugarHighs/Info.plist;
				INFOPLIST_KEY_UIApplicationSupportsIndirectInputEvents = YES;
				INFOPLIST_KEY_UILaunchStoryboardName = LaunchScreen;
				INFOPLIST_KEY_UISupportedInterfaceOrientations_iPad = "UIInterfaceOrientationPortrait UIInterfaceOrientationPortraitUpsideDown UIInterfaceOrientationLandscapeLeft UIInterfaceOrientationLandscapeRight";
				INFOPLIST_KEY_UISupportedInterfaceOrientations_iPhone = "UIInterfaceOrientationPortrait UIInterfaceOrientationLandscapeLeft UIInterfaceOrientationLandscapeRight";
				LD_RUNPATH_SEARCH_PATHS = (
					"$(inherited)",
					"@executable_path/Frameworks",
				);
				MARKETING_VERSION = 1.0;
				PRODUCT_BUNDLE_IDENTIFIER = uk.co.markgolubev.SugarHighs;
				PRODUCT_NAME = "$(TARGET_NAME)";
				SWIFT_EMIT_LOC_STRINGS = YES;
				SWIFT_VERSION = 5.0;
				TARGETED_DEVICE_FAMILY = "1,2";
			};
			name = Release;
		};
/* End XCBuildConfiguration section */

/* Begin XCConfigurationList section */
		86870D9C29F2E41A00B172E4 /* Build configuration list for PBXProject "SugarHighs" */ = {
			isa = XCConfigurationList;
			buildConfigurations = (
				86870DB329F2E41B00B172E4 /* Debug */,
				86870DB429F2E41B00B172E4 /* Release */,
			);
			defaultConfigurationIsVisible = 0;
			defaultConfigurationName = Release;
		};
		86870DB529F2E41B00B172E4 /* Build configuration list for PBXNativeTarget "SugarHighs" */ = {
			isa = XCConfigurationList;
			buildConfigurations = (
				86870DB629F2E41B00B172E4 /* Debug */,
				86870DB729F2E41B00B172E4 /* Release */,
			);
			defaultConfigurationIsVisible = 0;
			defaultConfigurationName = Release;
		};
/* End XCConfigurationList section */

/* Begin XCRemoteSwiftPackageReference section */
		86870DC129F2E9D100B172E4 /* XCRemoteSwiftPackageReference "SnapKit" */ = {
			isa = XCRemoteSwiftPackageReference;
			repositoryURL = "https://github.com/SnapKit/SnapKit.git";
			requirement = {
				kind = upToNextMajorVersion;
				minimumVersion = 5.0.1;
			};
		};
/* End XCRemoteSwiftPackageReference section */

/* Begin XCSwiftPackageProductDependency section */
		86870DC229F2E9D100B172E4 /* SnapKit */ = {
			isa = XCSwiftPackageProductDependency;
			package = 86870DC129F2E9D100B172E4 /* XCRemoteSwiftPackageReference "SnapKit" */;
			productName = SnapKit;
		};
/* End XCSwiftPackageProductDependency section */
	};
	rootObject = 86870D9929F2E41A00B172E4 /* Project object */;
}
